
Microsoft Visual Studio Solution File, Format Version 12.00
# Visual Studio Version 17
VisualStudioVersion = 17.13.35825.156
MinimumVisualStudioVersion = 10.0.40219.1
Project("{FAE04EC0-301F-11D3-BF4B-00C04F79EFBC}") = "BlazorApp", "BlazorApp\BlazorApp.csproj", "{311D720C-E03D-4BA2-BEAF-A2709376A3B6}"
EndProject
Project("{FAE04EC0-301F-11D3-BF4B-00C04F79EFBC}") = "BusinessLogic", "DataAccess\BusinessLogic.csproj", "{02DC3430-B07D-445F-AD44-461123C4C4D9}"
EndProject
Project("{FAE04EC0-301F-11D3-BF4B-00C04F79EFBC}") = "App", "App\App.csproj", "{C76F7EB2-B662-49D8-B601-5908850F7549}"
EndProject
Project("{FAE04EC0-301F-11D3-BF4B-00C04F79EFBC}") = "Server", "Server\Server.csproj", "{C40E7482-46B2-4B6B-B3F7-158168F4D76A}"
EndProject
Project("{FAE04EC0-301F-11D3-BF4B-00C04F79EFBC}") = "DataAccess", "DataAccesss\DataAccess.csproj", "{BEFFFA19-74B0-4963-9489-5669C68C70A9}"
EndProject
Global
	GlobalSection(SolutionConfigurationPlatforms) = preSolution
		Debug|Any CPU = Debug|Any CPU
		Release|Any CPU = Release|Any CPU
	EndGlobalSection
	GlobalSection(ProjectConfigurationPlatforms) = postSolution
		{311D720C-E03D-4BA2-BEAF-A2709376A3B6}.Debug|Any CPU.ActiveCfg = Debug|Any CPU
		{311D720C-E03D-4BA2-BEAF-A2709376A3B6}.Debug|Any CPU.Build.0 = Debug|Any CPU
		{311D720C-E03D-4BA2-BEAF-A2709376A3B6}.Release|Any CPU.ActiveCfg = Release|Any CPU
		{311D720C-E03D-4BA2-BEAF-A2709376A3B6}.Release|Any CPU.Build.0 = Release|Any CPU
		{02DC3430-B07D-445F-AD44-461123C4C4D9}.Debug|Any CPU.ActiveCfg = Debug|Any CPU
		{02DC3430-B07D-445F-AD44-461123C4C4D9}.Debug|Any CPU.Build.0 = Debug|Any CPU
		{02DC3430-B07D-445F-AD44-461123C4C4D9}.Release|Any CPU.ActiveCfg = Release|Any CPU
		{02DC3430-B07D-445F-AD44-461123C4C4D9}.Release|Any CPU.Build.0 = Release|Any CPU
		{C76F7EB2-B662-49D8-B601-5908850F7549}.Debug|Any CPU.ActiveCfg = Debug|Any CPU
		{C76F7EB2-B662-49D8-B601-5908850F7549}.Debug|Any CPU.Build.0 = Debug|Any CPU
		{C76F7EB2-B662-49D8-B601-5908850F7549}.Release|Any CPU.ActiveCfg = Release|Any CPU
		{C76F7EB2-B662-49D8-B601-5908850F7549}.Release|Any CPU.Build.0 = Release|Any CPU
		{C40E7482-46B2-4B6B-B3F7-158168F4D76A}.Debug|Any CPU.ActiveCfg = Debug|Any CPU
		{C40E7482-46B2-4B6B-B3F7-158168F4D76A}.Debug|Any CPU.Build.0 = Debug|Any CPU
		{C40E7482-46B2-4B6B-B3F7-158168F4D76A}.Release|Any CPU.ActiveCfg = Release|Any CPU
		{C40E7482-46B2-4B6B-B3F7-158168F4D76A}.Release|Any CPU.Build.0 = Release|Any CPU
		{BEFFFA19-74B0-4963-9489-5669C68C70A9}.Debug|Any CPU.ActiveCfg = Debug|Any CPU
		{BEFFFA19-74B0-4963-9489-5669C68C70A9}.Debug|Any CPU.Build.0 = Debug|Any CPU
		{BEFFFA19-74B0-4963-9489-5669C68C70A9}.Release|Any CPU.ActiveCfg = Release|Any CPU
		{BEFFFA19-74B0-4963-9489-5669C68C70A9}.Release|Any CPU.Build.0 = Release|Any CPU
	EndGlobalSection
	GlobalSection(SolutionProperties) = preSolution
		HideSolutionNode = FALSE
	EndGlobalSection
	GlobalSection(ExtensibilityGlobals) = postSolution
		SolutionGuid = {6B484586-DAEF-4433-81AB-AE7DF930D546}
	EndGlobalSection
EndGlobal
